<?xml version="1.0" encoding="utf-8"?>
<Project ToolsVersion="4.0" xmlns="http://schemas.microsoft.com/developer/msbuild/2003">
  <ItemGroup>
    <Filter Include="Source Files">
      <UniqueIdentifier>{4FC737F1-C7A5-4376-A066-2A32D752A2FF}</UniqueIdentifier>
      <Extensions>cpp;c;cc;cxx;def;odl;idl;hpj;bat;asm;asmx</Extensions>
    </Filter>
    <Filter Include="Header Files">
      <UniqueIdentifier>{93995380-89BD-4b04-88EB-625FBE52EBFB}</UniqueIdentifier>
      <Extensions>h;hh;hpp;hxx;hm;inl;inc;xsd</Extensions>
    </Filter>
    <Filter Include="Resource Files">
      <UniqueIdentifier>{67DA6AB6-F800-4c08-8B7A-83BB121AAD01}</UniqueIdentifier>
      <Extensions>rc;ico;cur;bmp;dlg;rc2;rct;bin;rgs;gif;jpg;jpeg;jpe;resx;tiff;tif;png;wav;mfcribbon-ms</Extensions>
    </Filter>
    <Filter Include="Header Files\thirdparty">
      <UniqueIdentifier>{c938248e-274d-406a-a912-d724c7ca6804}</UniqueIdentifier>
    </Filter>
    <Filter Include="Source Files\thirdparty">
      <UniqueIdentifier>{b75ec7d6-9d47-460d-beb9-3e6e2a3fd9bc}</UniqueIdentifier>
    </Filter>
    <Filter Include="Header Files\network">
      <UniqueIdentifier>{d753e43c-028f-476b-a7a1-0af296ab3d45}</UniqueIdentifier>
    </Filter>
    <Filter Include="Source Files\network">
      <UniqueIdentifier>{ef3c683d-76a3-4434-81e0-0080cb6f1e41}</UniqueIdentifier>
    </Filter>
    <Filter Include="Header Files\render">
      <UniqueIdentifier>{8acb4068-5fab-4f2d-a904-b3bf9d185423}</UniqueIdentifier>
    </Filter>
    <Filter Include="Source Files\render">
      <UniqueIdentifier>{6c6424c8-bf89-40d7-8532-3396bc2c9ca5}</UniqueIdentifier>
    </Filter>
    <Filter Include="Source Files\marker">
      <UniqueIdentifier>{3510d888-050c-4827-95de-df52d0f573d0}</UniqueIdentifier>
    </Filter>
    <Filter Include="Header Files\marker">
      <UniqueIdentifier>{d32d7a01-6eec-4cf1-a321-f95062e68e28}</UniqueIdentifier>
    </Filter>
    <Filter Include="Header Files\parser">
      <UniqueIdentifier>{869f65db-1c2c-462c-bc06-719e2e6571fe}</UniqueIdentifier>
    </Filter>
    <Filter Include="Source Files\parser">
      <UniqueIdentifier>{4c5fc4ce-92ca-445c-a70e-fe6f333fcbca}</UniqueIdentifier>
    </Filter>
    <Filter Include="Header Files\pid">
      <UniqueIdentifier>{488c6629-4681-4cbb-9f76-b3691d520d63}</UniqueIdentifier>
    </Filter>
    <Filter Include="Source Files\pid">
      <UniqueIdentifier>{1008d405-2d4d-4fb1-92ef-84cea39cd003}</UniqueIdentifier>
    </Filter>
    <Filter Include="Header Files\control">
      <UniqueIdentifier>{7307a27f-c6cd-429c-9eaf-6ca3544b00a9}</UniqueIdentifier>
    </Filter>
    <Filter Include="Source Files\control">
      <UniqueIdentifier>{dd46b799-ae65-4fba-aac8-c64dd3e5ce51}</UniqueIdentifier>
    </Filter>
  </ItemGroup>
  <ItemGroup>
    <ClCompile Include="thirdparty\CAPI_GLE.cpp">
      <Filter>Source Files\thirdparty</Filter>
    </ClCompile>
    <ClCompile Include="render\render.cpp">
      <Filter>Source Files\render</Filter>
    </ClCompile>
    <ClCompile Include="slothvision.cpp">
      <Filter>Source Files</Filter>
    </ClCompile>
    <ClCompile Include="network\UDPSocket.cpp">
      <Filter>Source Files\network</Filter>
    </ClCompile>
    <ClCompile Include="marker\marker.cpp">
      <Filter>Source Files\marker</Filter>
    </ClCompile>
    <ClCompile Include="marker\marker_test.cpp">
      <Filter>Source Files\marker</Filter>
    </ClCompile>
    <ClCompile Include="parser\RosDataParser.cpp">
      <Filter>Source Files\parser</Filter>
    </ClCompile>
    <ClCompile Include="pid\pid.cpp">
      <Filter>Source Files\pid</Filter>
    </ClCompile>
    <ClCompile Include="network\CameraStream.cpp">
      <Filter>Source Files\network</Filter>
    </ClCompile>
    <ClCompile Include="network\NetworkManager.cpp">
      <Filter>Source Files\network</Filter>
    </ClCompile>
    <ClCompile Include="control\control.cpp">
      <Filter>Source Files\control</Filter>
    </ClCompile>
    <ClCompile Include="thirdparty\Win32_Gamepad.cpp">
      <Filter>Source Files\thirdparty</Filter>
    </ClCompile>
  </ItemGroup>
  <ItemGroup>
    <ClInclude Include="thirdparty\Win32_DirectXAppUtil.h">
      <Filter>Header Files\thirdparty</Filter>
    </ClInclude>
    <ClInclude Include="thirdparty\CAPI_GLE.h">
      <Filter>Header Files\thirdparty</Filter>
    </ClInclude>
    <ClInclude Include="thirdparty\CAPI_GLE_GL.h">
      <Filter>Header Files\thirdparty</Filter>
    </ClInclude>
    <ClInclude Include="render\render.h">
      <Filter>Header Files\render</Filter>
    </ClInclude>
    <ClInclude Include="network\UDPSocket.h">
      <Filter>Header Files\network</Filter>
    </ClInclude>
    <ClInclude Include="marker\marker.h">
      <Filter>Header Files\marker</Filter>
    </ClInclude>
    <ClInclude Include="parser\RosDataParser.h">
      <Filter>Header Files\parser</Filter>
    </ClInclude>
    <ClInclude Include="pid\pid.h">
      <Filter>Header Files\pid</Filter>
    </ClInclude>
    <ClInclude Include="network\CameraStream.h">
      <Filter>Header Files\network</Filter>
    </ClInclude>
    <ClInclude Include="network\NetworkManager.h">
      <Filter>Header Files\network</Filter>
    </ClInclude>
    <ClInclude Include="control\control.h">
      <Filter>Header Files\control</Filter>
    </ClInclude>
    <ClInclude Include="thirdparty\Gamepad.h">
      <Filter>Header Files\thirdparty</Filter>
    </ClInclude>
    <ClInclude Include="thirdparty\Win32_Gamepad.h">
      <Filter>Header Files\thirdparty</Filter>
    </ClInclude>
    <ClInclude Include="thirdparty\Logger.h">
      <Filter>Header Files\thirdparty</Filter>
    </ClInclude>
  </ItemGroup>
</Project>